
Microsoft Visual Studio Solution File, Format Version 12.00
# Visual Studio 15
VisualStudioVersion = 15.0.27428.2037
MinimumVisualStudioVersion = 10.0.40219.1
Project("{FAE04EC0-301F-11D3-BF4B-00C04F79EFBC}") = "VERONICASBOUTIQUE", "VERONICASBOUTIQUE\VERONICASBOUTIQUE.csproj", "{C9742C83-B86D-4212-8046-BD5A8CE8D51A}"
EndProject
Global
	GlobalSection(SolutionConfigurationPlatforms) = preSolution
		Debug|Any CPU = Debug|Any CPU
		Release|Any CPU = Release|Any CPU
	EndGlobalSection
	GlobalSection(ProjectConfigurationPlatforms) = postSolution
		{C9742C83-B86D-4212-8046-BD5A8CE8D51A}.Debug|Any CPU.ActiveCfg = Debug|Any CPU
		{C9742C83-B86D-4212-8046-BD5A8CE8D51A}.Debug|Any CPU.Build.0 = Debug|Any CPU
		{C9742C83-B86D-4212-8046-BD5A8CE8D51A}.Release|Any CPU.ActiveCfg = Release|Any CPU
		{C9742C83-B86D-4212-8046-BD5A8CE8D51A}.Release|Any CPU.Build.0 = Release|Any CPU
	EndGlobalSection
	GlobalSection(SolutionProperties) = preSolution
		HideSolutionNode = FALSE
	EndGlobalSection
	GlobalSection(ExtensibilityGlobals) = postSolution
		SolutionGuid = {C500A735-C3AD-4AEC-9936-E7EA905EA1A9}
	EndGlobalSection
EndGlobal
